
Microsoft Visual Studio Solution File, Format Version 11.00
# Visual Studio 2010
Project("{2150E333-8FDC-42A3-9474-1A3956D46DE8}") = "Rangr", "Rangr", "{24AFAF16-347F-4630-8F4A-A6E6CE13A4DF}"
EndProject
Project("{D954291E-2A0B-460D-934E-DC6B0785DB48}") = "App.Common", "App.Common\App.Common.shproj", "{92E3AA5D-F7F7-4444-A25A-AF920D057BC3}"
EndProject
Project("{FAE04EC0-301F-11D3-BF4B-00C04F79EFBC}") = "rangr.ios", "rangr.ios\rangr.ios.csproj", "{28A6C86F-207B-4F4B-912D-DD0F8C0719EA}"
EndProject
Project("{FAE04EC0-301F-11D3-BF4B-00C04F79EFBC}") = "rangr.droid", "rangr.droid\rangr.droid.csproj", "{5AFA8462-CD90-42F2-BFA2-506D49BD1F20}"
EndProject
Project("{2150E333-8FDC-42A3-9474-1A3956D46DE8}") = "Libs", "Libs", "{6B863E6A-2BFF-4332-BF21-57A6A1CD86DD}"
EndProject
Project("{FAE04EC0-301F-11D3-BF4B-00C04F79EFBC}") = "general-solid-lib", "general-solid-lib\general-solid-lib.csproj", "{1902DAE8-DFE5-4018-A7C4-BCE0D35330D3}"
EndProject
Project("{FAE04EC0-301F-11D3-BF4B-00C04F79EFBC}") = "droid_ui_lib", "droid_ui_lib\droid_ui_lib.csproj", "{56C520E3-BB89-439D-8C42-33EADC0AF5E6}"
EndProject
Project("{FAE04EC0-301F-11D3-BF4B-00C04F79EFBC}") = "ios-ui-lib", "ios-ui-lib\ios-ui-lib.csproj", "{12B7BEB1-E98B-4E98-B935-60B684AD0AB1}"
EndProject
Project("{2150E333-8FDC-42A3-9474-1A3956D46DE8}") = "Experiments", "Experiments", "{8CAA90CB-5F01-4CFB-B1B6-C02247200D1A}"
EndProject
Project("{FAE04EC0-301F-11D3-BF4B-00C04F79EFBC}") = "experiments.droid", "experiments.droid\experiments.droid.csproj", "{A19FB72C-0091-4D4D-8605-5D2C5DFDB0BF}"
EndProject
Project("{FAE04EC0-301F-11D3-BF4B-00C04F79EFBC}") = "experiments.ios", "experiments.ios\experiments.ios.csproj", "{D9AB03F1-AA59-4590-A91A-FCC3DE0D0707}"
EndProject
Project("{2150E333-8FDC-42A3-9474-1A3956D46DE8}") = "Belleh", "Belleh", "{8AFFB09D-B8E1-4B65-BD15-923B2A938CBC}"
EndProject
Project("{FAE04EC0-301F-11D3-BF4B-00C04F79EFBC}") = "belleh.ios", "belleh.ios\belleh.ios.csproj", "{80C9E5F1-B1AD-4710-8D40-EBD350999D17}"
EndProject
Project("{2150E333-8FDC-42A3-9474-1A3956D46DE8}") = "XStore", "XStore", "{45E488AD-E5D1-4BE4-9ED3-2351E5D74A77}"
EndProject
Project("{FAE04EC0-301F-11D3-BF4B-00C04F79EFBC}") = "XamarinStore.Droid", "XamarinStore.Droid\XamarinStore.Droid.csproj", "{E96837AE-F19A-4467-AE2D-2C4FDCD8A0F3}"
EndProject
Project("{FAE04EC0-301F-11D3-BF4B-00C04F79EFBC}") = "XamarinStore.iOS", "XamarinStore.iOS\XamarinStore.iOS.csproj", "{FC7E7851-4A32-4B43-A9E6-F68AC1EF613E}"
EndProject
Project("{D954291E-2A0B-460D-934E-DC6B0785DB48}") = "XamStoreShared", "XamStoreShared\XamStoreShared.shproj", "{C2EB6BD6-2E82-4F7A-8A0A-19AAB9F6AC4E}"
EndProject
Global
	GlobalSection(SolutionConfigurationPlatforms) = preSolution
		Debug|x86 = Debug|x86
		Release|x86 = Release|x86
		Debug|iPhoneSimulator = Debug|iPhoneSimulator
		Release|iPhoneSimulator = Release|iPhoneSimulator
		Debug|iPhone = Debug|iPhone
		Release|iPhone = Release|iPhone
		Ad-Hoc|iPhone = Ad-Hoc|iPhone
		AppStore|iPhone = AppStore|iPhone
		AppStore|iPhoneSimulator = AppStore|iPhoneSimulator
	EndGlobalSection
	GlobalSection(ProjectConfigurationPlatforms) = postSolution
		{12B7BEB1-E98B-4E98-B935-60B684AD0AB1}.Ad-Hoc|iPhone.ActiveCfg = Release|Any CPU
		{12B7BEB1-E98B-4E98-B935-60B684AD0AB1}.Ad-Hoc|iPhone.Build.0 = Release|Any CPU
		{12B7BEB1-E98B-4E98-B935-60B684AD0AB1}.AppStore|iPhone.ActiveCfg = Release|Any CPU
		{12B7BEB1-E98B-4E98-B935-60B684AD0AB1}.AppStore|iPhone.Build.0 = Release|Any CPU
		{12B7BEB1-E98B-4E98-B935-60B684AD0AB1}.AppStore|iPhoneSimulator.ActiveCfg = Debug|Any CPU
		{12B7BEB1-E98B-4E98-B935-60B684AD0AB1}.AppStore|iPhoneSimulator.Build.0 = Debug|Any CPU
		{12B7BEB1-E98B-4E98-B935-60B684AD0AB1}.Debug|iPhone.ActiveCfg = Debug|Any CPU
		{12B7BEB1-E98B-4E98-B935-60B684AD0AB1}.Debug|iPhone.Build.0 = Debug|Any CPU
		{12B7BEB1-E98B-4E98-B935-60B684AD0AB1}.Debug|iPhoneSimulator.ActiveCfg = Debug|Any CPU
		{12B7BEB1-E98B-4E98-B935-60B684AD0AB1}.Debug|iPhoneSimulator.Build.0 = Debug|Any CPU
		{12B7BEB1-E98B-4E98-B935-60B684AD0AB1}.Debug|x86.ActiveCfg = Debug|Any CPU
		{12B7BEB1-E98B-4E98-B935-60B684AD0AB1}.Debug|x86.Build.0 = Debug|Any CPU
		{12B7BEB1-E98B-4E98-B935-60B684AD0AB1}.Release|iPhone.ActiveCfg = Release|Any CPU
		{12B7BEB1-E98B-4E98-B935-60B684AD0AB1}.Release|iPhone.Build.0 = Release|Any CPU
		{12B7BEB1-E98B-4E98-B935-60B684AD0AB1}.Release|iPhoneSimulator.ActiveCfg = Release|Any CPU
		{12B7BEB1-E98B-4E98-B935-60B684AD0AB1}.Release|iPhoneSimulator.Build.0 = Release|Any CPU
		{12B7BEB1-E98B-4E98-B935-60B684AD0AB1}.Release|x86.ActiveCfg = Release|Any CPU
		{12B7BEB1-E98B-4E98-B935-60B684AD0AB1}.Release|x86.Build.0 = Release|Any CPU
		{1902DAE8-DFE5-4018-A7C4-BCE0D35330D3}.Ad-Hoc|iPhone.ActiveCfg = Release|Any CPU
		{1902DAE8-DFE5-4018-A7C4-BCE0D35330D3}.Ad-Hoc|iPhone.Build.0 = Release|Any CPU
		{1902DAE8-DFE5-4018-A7C4-BCE0D35330D3}.AppStore|iPhone.ActiveCfg = Release|Any CPU
		{1902DAE8-DFE5-4018-A7C4-BCE0D35330D3}.AppStore|iPhone.Build.0 = Release|Any CPU
		{1902DAE8-DFE5-4018-A7C4-BCE0D35330D3}.AppStore|iPhoneSimulator.ActiveCfg = Debug|Any CPU
		{1902DAE8-DFE5-4018-A7C4-BCE0D35330D3}.AppStore|iPhoneSimulator.Build.0 = Debug|Any CPU
		{1902DAE8-DFE5-4018-A7C4-BCE0D35330D3}.Debug|iPhone.ActiveCfg = Debug|Any CPU
		{1902DAE8-DFE5-4018-A7C4-BCE0D35330D3}.Debug|iPhone.Build.0 = Debug|Any CPU
		{1902DAE8-DFE5-4018-A7C4-BCE0D35330D3}.Debug|iPhoneSimulator.ActiveCfg = Debug|Any CPU
		{1902DAE8-DFE5-4018-A7C4-BCE0D35330D3}.Debug|iPhoneSimulator.Build.0 = Debug|Any CPU
		{1902DAE8-DFE5-4018-A7C4-BCE0D35330D3}.Debug|x86.ActiveCfg = Debug|Any CPU
		{1902DAE8-DFE5-4018-A7C4-BCE0D35330D3}.Debug|x86.Build.0 = Debug|Any CPU
		{1902DAE8-DFE5-4018-A7C4-BCE0D35330D3}.Release|iPhone.ActiveCfg = Release|Any CPU
		{1902DAE8-DFE5-4018-A7C4-BCE0D35330D3}.Release|iPhone.Build.0 = Release|Any CPU
		{1902DAE8-DFE5-4018-A7C4-BCE0D35330D3}.Release|iPhoneSimulator.ActiveCfg = Release|Any CPU
		{1902DAE8-DFE5-4018-A7C4-BCE0D35330D3}.Release|iPhoneSimulator.Build.0 = Release|Any CPU
		{1902DAE8-DFE5-4018-A7C4-BCE0D35330D3}.Release|x86.ActiveCfg = Release|Any CPU
		{1902DAE8-DFE5-4018-A7C4-BCE0D35330D3}.Release|x86.Build.0 = Release|Any CPU
		{28A6C86F-207B-4F4B-912D-DD0F8C0719EA}.Ad-Hoc|iPhone.ActiveCfg = Ad-Hoc|iPhone
		{28A6C86F-207B-4F4B-912D-DD0F8C0719EA}.Ad-Hoc|iPhone.Build.0 = Ad-Hoc|iPhone
		{28A6C86F-207B-4F4B-912D-DD0F8C0719EA}.AppStore|iPhone.ActiveCfg = AppStore|iPhone
		{28A6C86F-207B-4F4B-912D-DD0F8C0719EA}.AppStore|iPhone.Build.0 = AppStore|iPhone
		{28A6C86F-207B-4F4B-912D-DD0F8C0719EA}.AppStore|iPhoneSimulator.ActiveCfg = Debug|iPhoneSimulator
		{28A6C86F-207B-4F4B-912D-DD0F8C0719EA}.AppStore|iPhoneSimulator.Build.0 = Debug|iPhoneSimulator
		{28A6C86F-207B-4F4B-912D-DD0F8C0719EA}.Debug|iPhone.ActiveCfg = Debug|iPhone
		{28A6C86F-207B-4F4B-912D-DD0F8C0719EA}.Debug|iPhone.Build.0 = Debug|iPhone
		{28A6C86F-207B-4F4B-912D-DD0F8C0719EA}.Debug|iPhoneSimulator.ActiveCfg = Debug|iPhoneSimulator
		{28A6C86F-207B-4F4B-912D-DD0F8C0719EA}.Debug|iPhoneSimulator.Build.0 = Debug|iPhoneSimulator
		{28A6C86F-207B-4F4B-912D-DD0F8C0719EA}.Debug|x86.ActiveCfg = Debug|iPhoneSimulator
		{28A6C86F-207B-4F4B-912D-DD0F8C0719EA}.Debug|x86.Build.0 = Debug|iPhoneSimulator
		{28A6C86F-207B-4F4B-912D-DD0F8C0719EA}.Release|iPhone.ActiveCfg = Release|iPhone
		{28A6C86F-207B-4F4B-912D-DD0F8C0719EA}.Release|iPhone.Build.0 = Release|iPhone
		{28A6C86F-207B-4F4B-912D-DD0F8C0719EA}.Release|iPhoneSimulator.ActiveCfg = Release|iPhoneSimulator
		{28A6C86F-207B-4F4B-912D-DD0F8C0719EA}.Release|iPhoneSimulator.Build.0 = Release|iPhoneSimulator
		{28A6C86F-207B-4F4B-912D-DD0F8C0719EA}.Release|x86.ActiveCfg = Release|iPhoneSimulator
		{28A6C86F-207B-4F4B-912D-DD0F8C0719EA}.Release|x86.Build.0 = Release|iPhoneSimulator
		{56C520E3-BB89-439D-8C42-33EADC0AF5E6}.Ad-Hoc|iPhone.ActiveCfg = Release|Any CPU
		{56C520E3-BB89-439D-8C42-33EADC0AF5E6}.Ad-Hoc|iPhone.Build.0 = Release|Any CPU
		{56C520E3-BB89-439D-8C42-33EADC0AF5E6}.AppStore|iPhone.ActiveCfg = Release|Any CPU
		{56C520E3-BB89-439D-8C42-33EADC0AF5E6}.AppStore|iPhone.Build.0 = Release|Any CPU
		{56C520E3-BB89-439D-8C42-33EADC0AF5E6}.AppStore|iPhoneSimulator.ActiveCfg = Debug|Any CPU
		{56C520E3-BB89-439D-8C42-33EADC0AF5E6}.AppStore|iPhoneSimulator.Build.0 = Debug|Any CPU
		{56C520E3-BB89-439D-8C42-33EADC0AF5E6}.Debug|iPhone.ActiveCfg = Debug|Any CPU
		{56C520E3-BB89-439D-8C42-33EADC0AF5E6}.Debug|iPhone.Build.0 = Debug|Any CPU
		{56C520E3-BB89-439D-8C42-33EADC0AF5E6}.Debug|iPhoneSimulator.ActiveCfg = Debug|Any CPU
		{56C520E3-BB89-439D-8C42-33EADC0AF5E6}.Debug|iPhoneSimulator.Build.0 = Debug|Any CPU
		{56C520E3-BB89-439D-8C42-33EADC0AF5E6}.Debug|x86.ActiveCfg = Debug|Any CPU
		{56C520E3-BB89-439D-8C42-33EADC0AF5E6}.Debug|x86.Build.0 = Debug|Any CPU
		{56C520E3-BB89-439D-8C42-33EADC0AF5E6}.Release|iPhone.ActiveCfg = Release|Any CPU
		{56C520E3-BB89-439D-8C42-33EADC0AF5E6}.Release|iPhone.Build.0 = Release|Any CPU
		{56C520E3-BB89-439D-8C42-33EADC0AF5E6}.Release|iPhoneSimulator.ActiveCfg = Release|Any CPU
		{56C520E3-BB89-439D-8C42-33EADC0AF5E6}.Release|iPhoneSimulator.Build.0 = Release|Any CPU
		{56C520E3-BB89-439D-8C42-33EADC0AF5E6}.Release|x86.ActiveCfg = Release|Any CPU
		{56C520E3-BB89-439D-8C42-33EADC0AF5E6}.Release|x86.Build.0 = Release|Any CPU
		{5AFA8462-CD90-42F2-BFA2-506D49BD1F20}.Ad-Hoc|iPhone.ActiveCfg = Debug|Any CPU
		{5AFA8462-CD90-42F2-BFA2-506D49BD1F20}.Ad-Hoc|iPhone.Build.0 = Debug|Any CPU
		{5AFA8462-CD90-42F2-BFA2-506D49BD1F20}.AppStore|iPhone.ActiveCfg = Debug|Any CPU
		{5AFA8462-CD90-42F2-BFA2-506D49BD1F20}.AppStore|iPhone.Build.0 = Debug|Any CPU
		{5AFA8462-CD90-42F2-BFA2-506D49BD1F20}.AppStore|iPhoneSimulator.ActiveCfg = Debug|Any CPU
		{5AFA8462-CD90-42F2-BFA2-506D49BD1F20}.AppStore|iPhoneSimulator.Build.0 = Debug|Any CPU
		{5AFA8462-CD90-42F2-BFA2-506D49BD1F20}.Debug|iPhone.ActiveCfg = Debug|Any CPU
		{5AFA8462-CD90-42F2-BFA2-506D49BD1F20}.Debug|iPhone.Build.0 = Debug|Any CPU
		{5AFA8462-CD90-42F2-BFA2-506D49BD1F20}.Debug|iPhoneSimulator.ActiveCfg = Debug|Any CPU
		{5AFA8462-CD90-42F2-BFA2-506D49BD1F20}.Debug|iPhoneSimulator.Build.0 = Debug|Any CPU
		{5AFA8462-CD90-42F2-BFA2-506D49BD1F20}.Debug|x86.ActiveCfg = Debug|Any CPU
		{5AFA8462-CD90-42F2-BFA2-506D49BD1F20}.Debug|x86.Build.0 = Debug|Any CPU
		{5AFA8462-CD90-42F2-BFA2-506D49BD1F20}.Release|iPhone.ActiveCfg = Release|Any CPU
		{5AFA8462-CD90-42F2-BFA2-506D49BD1F20}.Release|iPhone.Build.0 = Release|Any CPU
		{5AFA8462-CD90-42F2-BFA2-506D49BD1F20}.Release|iPhoneSimulator.ActiveCfg = Release|Any CPU
		{5AFA8462-CD90-42F2-BFA2-506D49BD1F20}.Release|iPhoneSimulator.Build.0 = Release|Any CPU
		{5AFA8462-CD90-42F2-BFA2-506D49BD1F20}.Release|x86.ActiveCfg = Release|Any CPU
		{5AFA8462-CD90-42F2-BFA2-506D49BD1F20}.Release|x86.Build.0 = Release|Any CPU
		{80C9E5F1-B1AD-4710-8D40-EBD350999D17}.Ad-Hoc|iPhone.ActiveCfg = Ad-Hoc|iPhone
		{80C9E5F1-B1AD-4710-8D40-EBD350999D17}.Ad-Hoc|iPhone.Build.0 = Ad-Hoc|iPhone
		{80C9E5F1-B1AD-4710-8D40-EBD350999D17}.AppStore|iPhone.ActiveCfg = AppStore|iPhone
		{80C9E5F1-B1AD-4710-8D40-EBD350999D17}.AppStore|iPhone.Build.0 = AppStore|iPhone
		{80C9E5F1-B1AD-4710-8D40-EBD350999D17}.AppStore|iPhoneSimulator.ActiveCfg = Debug|iPhoneSimulator
		{80C9E5F1-B1AD-4710-8D40-EBD350999D17}.AppStore|iPhoneSimulator.Build.0 = Debug|iPhoneSimulator
		{80C9E5F1-B1AD-4710-8D40-EBD350999D17}.Debug|iPhone.ActiveCfg = Debug|iPhone
		{80C9E5F1-B1AD-4710-8D40-EBD350999D17}.Debug|iPhone.Build.0 = Debug|iPhone
		{80C9E5F1-B1AD-4710-8D40-EBD350999D17}.Debug|iPhoneSimulator.ActiveCfg = Debug|iPhoneSimulator
		{80C9E5F1-B1AD-4710-8D40-EBD350999D17}.Debug|iPhoneSimulator.Build.0 = Debug|iPhoneSimulator
		{80C9E5F1-B1AD-4710-8D40-EBD350999D17}.Debug|x86.ActiveCfg = Debug|iPhoneSimulator
		{80C9E5F1-B1AD-4710-8D40-EBD350999D17}.Debug|x86.Build.0 = Debug|iPhoneSimulator
		{80C9E5F1-B1AD-4710-8D40-EBD350999D17}.Release|iPhone.ActiveCfg = Release|iPhone
		{80C9E5F1-B1AD-4710-8D40-EBD350999D17}.Release|iPhone.Build.0 = Release|iPhone
		{80C9E5F1-B1AD-4710-8D40-EBD350999D17}.Release|iPhoneSimulator.ActiveCfg = Release|iPhoneSimulator
		{80C9E5F1-B1AD-4710-8D40-EBD350999D17}.Release|iPhoneSimulator.Build.0 = Release|iPhoneSimulator
		{80C9E5F1-B1AD-4710-8D40-EBD350999D17}.Release|x86.ActiveCfg = Release|iPhoneSimulator
		{80C9E5F1-B1AD-4710-8D40-EBD350999D17}.Release|x86.Build.0 = Release|iPhoneSimulator
		{A19FB72C-0091-4D4D-8605-5D2C5DFDB0BF}.Ad-Hoc|iPhone.ActiveCfg = Debug|Any CPU
		{A19FB72C-0091-4D4D-8605-5D2C5DFDB0BF}.Ad-Hoc|iPhone.Build.0 = Debug|Any CPU
		{A19FB72C-0091-4D4D-8605-5D2C5DFDB0BF}.AppStore|iPhone.ActiveCfg = Debug|Any CPU
		{A19FB72C-0091-4D4D-8605-5D2C5DFDB0BF}.AppStore|iPhone.Build.0 = Debug|Any CPU
		{A19FB72C-0091-4D4D-8605-5D2C5DFDB0BF}.AppStore|iPhoneSimulator.ActiveCfg = Debug|Any CPU
		{A19FB72C-0091-4D4D-8605-5D2C5DFDB0BF}.AppStore|iPhoneSimulator.Build.0 = Debug|Any CPU
		{A19FB72C-0091-4D4D-8605-5D2C5DFDB0BF}.Debug|iPhone.ActiveCfg = Debug|Any CPU
		{A19FB72C-0091-4D4D-8605-5D2C5DFDB0BF}.Debug|iPhone.Build.0 = Debug|Any CPU
		{A19FB72C-0091-4D4D-8605-5D2C5DFDB0BF}.Debug|iPhoneSimulator.ActiveCfg = Debug|Any CPU
		{A19FB72C-0091-4D4D-8605-5D2C5DFDB0BF}.Debug|iPhoneSimulator.Build.0 = Debug|Any CPU
		{A19FB72C-0091-4D4D-8605-5D2C5DFDB0BF}.Debug|x86.ActiveCfg = Debug|Any CPU
		{A19FB72C-0091-4D4D-8605-5D2C5DFDB0BF}.Debug|x86.Build.0 = Debug|Any CPU
		{A19FB72C-0091-4D4D-8605-5D2C5DFDB0BF}.Release|iPhone.ActiveCfg = Release|Any CPU
		{A19FB72C-0091-4D4D-8605-5D2C5DFDB0BF}.Release|iPhone.Build.0 = Release|Any CPU
		{A19FB72C-0091-4D4D-8605-5D2C5DFDB0BF}.Release|iPhoneSimulator.ActiveCfg = Release|Any CPU
		{A19FB72C-0091-4D4D-8605-5D2C5DFDB0BF}.Release|iPhoneSimulator.Build.0 = Release|Any CPU
		{A19FB72C-0091-4D4D-8605-5D2C5DFDB0BF}.Release|x86.ActiveCfg = Release|Any CPU
		{A19FB72C-0091-4D4D-8605-5D2C5DFDB0BF}.Release|x86.Build.0 = Release|Any CPU
		{D9AB03F1-AA59-4590-A91A-FCC3DE0D0707}.Ad-Hoc|iPhone.ActiveCfg = Ad-Hoc|iPhone
		{D9AB03F1-AA59-4590-A91A-FCC3DE0D0707}.Ad-Hoc|iPhone.Build.0 = Ad-Hoc|iPhone
		{D9AB03F1-AA59-4590-A91A-FCC3DE0D0707}.AppStore|iPhone.ActiveCfg = AppStore|iPhone
		{D9AB03F1-AA59-4590-A91A-FCC3DE0D0707}.AppStore|iPhone.Build.0 = AppStore|iPhone
		{D9AB03F1-AA59-4590-A91A-FCC3DE0D0707}.AppStore|iPhoneSimulator.ActiveCfg = Debug|iPhoneSimulator
		{D9AB03F1-AA59-4590-A91A-FCC3DE0D0707}.AppStore|iPhoneSimulator.Build.0 = Debug|iPhoneSimulator
		{D9AB03F1-AA59-4590-A91A-FCC3DE0D0707}.Debug|iPhone.ActiveCfg = Debug|iPhone
		{D9AB03F1-AA59-4590-A91A-FCC3DE0D0707}.Debug|iPhone.Build.0 = Debug|iPhone
		{D9AB03F1-AA59-4590-A91A-FCC3DE0D0707}.Debug|iPhoneSimulator.ActiveCfg = Debug|iPhoneSimulator
		{D9AB03F1-AA59-4590-A91A-FCC3DE0D0707}.Debug|iPhoneSimulator.Build.0 = Debug|iPhoneSimulator
		{D9AB03F1-AA59-4590-A91A-FCC3DE0D0707}.Debug|x86.ActiveCfg = Debug|iPhoneSimulator
		{D9AB03F1-AA59-4590-A91A-FCC3DE0D0707}.Debug|x86.Build.0 = Debug|iPhoneSimulator
		{D9AB03F1-AA59-4590-A91A-FCC3DE0D0707}.Release|iPhone.ActiveCfg = Release|iPhone
		{D9AB03F1-AA59-4590-A91A-FCC3DE0D0707}.Release|iPhone.Build.0 = Release|iPhone
		{D9AB03F1-AA59-4590-A91A-FCC3DE0D0707}.Release|iPhoneSimulator.ActiveCfg = Release|iPhoneSimulator
		{D9AB03F1-AA59-4590-A91A-FCC3DE0D0707}.Release|iPhoneSimulator.Build.0 = Release|iPhoneSimulator
		{D9AB03F1-AA59-4590-A91A-FCC3DE0D0707}.Release|x86.ActiveCfg = Release|iPhoneSimulator
		{D9AB03F1-AA59-4590-A91A-FCC3DE0D0707}.Release|x86.Build.0 = Release|iPhoneSimulator
		{E96837AE-F19A-4467-AE2D-2C4FDCD8A0F3}.Ad-Hoc|iPhone.ActiveCfg = Release|Any CPU
		{E96837AE-F19A-4467-AE2D-2C4FDCD8A0F3}.Ad-Hoc|iPhone.Build.0 = Release|Any CPU
		{E96837AE-F19A-4467-AE2D-2C4FDCD8A0F3}.AppStore|iPhone.ActiveCfg = Release|Any CPU
		{E96837AE-F19A-4467-AE2D-2C4FDCD8A0F3}.AppStore|iPhone.Build.0 = Release|Any CPU
		{E96837AE-F19A-4467-AE2D-2C4FDCD8A0F3}.AppStore|iPhoneSimulator.ActiveCfg = Debug|Any CPU
		{E96837AE-F19A-4467-AE2D-2C4FDCD8A0F3}.AppStore|iPhoneSimulator.Build.0 = Debug|Any CPU
		{E96837AE-F19A-4467-AE2D-2C4FDCD8A0F3}.Debug|iPhone.ActiveCfg = Debug|Any CPU
		{E96837AE-F19A-4467-AE2D-2C4FDCD8A0F3}.Debug|iPhone.Build.0 = Debug|Any CPU
		{E96837AE-F19A-4467-AE2D-2C4FDCD8A0F3}.Debug|iPhoneSimulator.ActiveCfg = Debug|Any CPU
		{E96837AE-F19A-4467-AE2D-2C4FDCD8A0F3}.Debug|iPhoneSimulator.Build.0 = Debug|Any CPU
		{E96837AE-F19A-4467-AE2D-2C4FDCD8A0F3}.Debug|x86.ActiveCfg = Debug|Any CPU
		{E96837AE-F19A-4467-AE2D-2C4FDCD8A0F3}.Debug|x86.Build.0 = Debug|Any CPU
		{E96837AE-F19A-4467-AE2D-2C4FDCD8A0F3}.Release|iPhone.ActiveCfg = Release|Any CPU
		{E96837AE-F19A-4467-AE2D-2C4FDCD8A0F3}.Release|iPhone.Build.0 = Release|Any CPU
		{E96837AE-F19A-4467-AE2D-2C4FDCD8A0F3}.Release|iPhoneSimulator.ActiveCfg = Release|Any CPU
		{E96837AE-F19A-4467-AE2D-2C4FDCD8A0F3}.Release|iPhoneSimulator.Build.0 = Release|Any CPU
		{E96837AE-F19A-4467-AE2D-2C4FDCD8A0F3}.Release|x86.ActiveCfg = Release|Any CPU
		{E96837AE-F19A-4467-AE2D-2C4FDCD8A0F3}.Release|x86.Build.0 = Release|Any CPU
		{FC7E7851-4A32-4B43-A9E6-F68AC1EF613E}.Ad-Hoc|iPhone.ActiveCfg = Ad-Hoc|iPhone
		{FC7E7851-4A32-4B43-A9E6-F68AC1EF613E}.Ad-Hoc|iPhone.Build.0 = Ad-Hoc|iPhone
		{FC7E7851-4A32-4B43-A9E6-F68AC1EF613E}.AppStore|iPhone.ActiveCfg = AppStore|iPhone
		{FC7E7851-4A32-4B43-A9E6-F68AC1EF613E}.AppStore|iPhone.Build.0 = AppStore|iPhone
		{FC7E7851-4A32-4B43-A9E6-F68AC1EF613E}.AppStore|iPhoneSimulator.ActiveCfg = AppStore|iPhoneSimulator
		{FC7E7851-4A32-4B43-A9E6-F68AC1EF613E}.AppStore|iPhoneSimulator.Build.0 = AppStore|iPhoneSimulator
		{FC7E7851-4A32-4B43-A9E6-F68AC1EF613E}.Debug|iPhone.ActiveCfg = Debug|iPhone
		{FC7E7851-4A32-4B43-A9E6-F68AC1EF613E}.Debug|iPhone.Build.0 = Debug|iPhone
		{FC7E7851-4A32-4B43-A9E6-F68AC1EF613E}.Debug|iPhoneSimulator.ActiveCfg = Debug|iPhoneSimulator
		{FC7E7851-4A32-4B43-A9E6-F68AC1EF613E}.Debug|iPhoneSimulator.Build.0 = Debug|iPhoneSimulator
		{FC7E7851-4A32-4B43-A9E6-F68AC1EF613E}.Debug|x86.ActiveCfg = Debug|iPhoneSimulator
		{FC7E7851-4A32-4B43-A9E6-F68AC1EF613E}.Debug|x86.Build.0 = Debug|iPhoneSimulator
		{FC7E7851-4A32-4B43-A9E6-F68AC1EF613E}.Release|iPhone.ActiveCfg = Release|iPhone
		{FC7E7851-4A32-4B43-A9E6-F68AC1EF613E}.Release|iPhone.Build.0 = Release|iPhone
		{FC7E7851-4A32-4B43-A9E6-F68AC1EF613E}.Release|iPhoneSimulator.ActiveCfg = Release|iPhoneSimulator
		{FC7E7851-4A32-4B43-A9E6-F68AC1EF613E}.Release|iPhoneSimulator.Build.0 = Release|iPhoneSimulator
		{FC7E7851-4A32-4B43-A9E6-F68AC1EF613E}.Release|x86.ActiveCfg = Release|iPhoneSimulator
		{FC7E7851-4A32-4B43-A9E6-F68AC1EF613E}.Release|x86.Build.0 = Release|iPhoneSimulator
	EndGlobalSection
	GlobalSection(NestedProjects) = preSolution
		{92E3AA5D-F7F7-4444-A25A-AF920D057BC3} = {24AFAF16-347F-4630-8F4A-A6E6CE13A4DF}
		{28A6C86F-207B-4F4B-912D-DD0F8C0719EA} = {24AFAF16-347F-4630-8F4A-A6E6CE13A4DF}
		{5AFA8462-CD90-42F2-BFA2-506D49BD1F20} = {24AFAF16-347F-4630-8F4A-A6E6CE13A4DF}
		{1902DAE8-DFE5-4018-A7C4-BCE0D35330D3} = {6B863E6A-2BFF-4332-BF21-57A6A1CD86DD}
		{56C520E3-BB89-439D-8C42-33EADC0AF5E6} = {6B863E6A-2BFF-4332-BF21-57A6A1CD86DD}
		{12B7BEB1-E98B-4E98-B935-60B684AD0AB1} = {6B863E6A-2BFF-4332-BF21-57A6A1CD86DD}
		{A19FB72C-0091-4D4D-8605-5D2C5DFDB0BF} = {8CAA90CB-5F01-4CFB-B1B6-C02247200D1A}
		{D9AB03F1-AA59-4590-A91A-FCC3DE0D0707} = {8CAA90CB-5F01-4CFB-B1B6-C02247200D1A}
		{80C9E5F1-B1AD-4710-8D40-EBD350999D17} = {8AFFB09D-B8E1-4B65-BD15-923B2A938CBC}
		{E96837AE-F19A-4467-AE2D-2C4FDCD8A0F3} = {45E488AD-E5D1-4BE4-9ED3-2351E5D74A77}
		{FC7E7851-4A32-4B43-A9E6-F68AC1EF613E} = {45E488AD-E5D1-4BE4-9ED3-2351E5D74A77}
		{C2EB6BD6-2E82-4F7A-8A0A-19AAB9F6AC4E} = {45E488AD-E5D1-4BE4-9ED3-2351E5D74A77}
	EndGlobalSection
	GlobalSection(MonoDevelopProperties) = preSolution
		Policies = $0
		$0.VersionControlPolicy = $1
		$1.CommitMessageStyle = $2
		$2.LastFilePostfix = "@:\n  "
		$2.InterMessageLines = 0
		$1.inheritsSet = Mono
	EndGlobalSection
EndGlobal
