
Microsoft Visual Studio Solution File, Format Version 11.00
# Visual Studio 2010
Project("{2150E333-8FDC-42A3-9474-1A3956D46DE8}") = "Rangr", "Rangr", "{24AFAF16-347F-4630-8F4A-A6E6CE13A4DF}"
EndProject
Project("{D954291E-2A0B-460D-934E-DC6B0785DB48}") = "App.Common", "App.Common\App.Common.shproj", "{92E3AA5D-F7F7-4444-A25A-AF920D057BC3}"
EndProject
Project("{FAE04EC0-301F-11D3-BF4B-00C04F79EFBC}") = "rangr.ios", "rangr.ios\rangr.ios.csproj", "{28A6C86F-207B-4F4B-912D-DD0F8C0719EA}"
EndProject
Project("{FAE04EC0-301F-11D3-BF4B-00C04F79EFBC}") = "rangr.droid", "rangr.droid\rangr.droid.csproj", "{5AFA8462-CD90-42F2-BFA2-506D49BD1F20}"
EndProject
Project("{2150E333-8FDC-42A3-9474-1A3956D46DE8}") = "Libs", "Libs", "{6B863E6A-2BFF-4332-BF21-57A6A1CD86DD}"
EndProject
Project("{2150E333-8FDC-42A3-9474-1A3956D46DE8}") = "UI", "UI", "{1FF19CD3-7345-4FF6-B491-399D946CA45A}"
EndProject
Project("{FAE04EC0-301F-11D3-BF4B-00C04F79EFBC}") = "droid_ui_lib", "droid_ui_lib\droid_ui_lib.csproj", "{56C520E3-BB89-439D-8C42-33EADC0AF5E6}"
EndProject
Project("{FAE04EC0-301F-11D3-BF4B-00C04F79EFBC}") = "ios_ui_lib", "ios_ui_lib\ios_ui_lib.csproj", "{8D459AA9-125E-4108-8E7D-24C6E47E9B6A}"
EndProject
Project("{D954291E-2A0B-460D-934E-DC6B0785DB48}") = "common_lib", "common_lib\common_lib.shproj", "{A921F493-9D35-448D-99F1-CBAC1F4EBE32}"
EndProject
Project("{FAE04EC0-301F-11D3-BF4B-00C04F79EFBC}") = "ios_common_lib", "ios_common_lib\ios_common_lib.csproj", "{AE879C71-58B2-424A-897C-19913B22D032}"
EndProject
Project("{FAE04EC0-301F-11D3-BF4B-00C04F79EFBC}") = "droid_common_lib", "droid_common_lib\droid_common_lib.csproj", "{35255BD3-7E03-4B61-AECB-953D98695DEB}"
EndProject
Project("{2150E333-8FDC-42A3-9474-1A3956D46DE8}") = "Experiments", "Experiments", "{8CAA90CB-5F01-4CFB-B1B6-C02247200D1A}"
EndProject
Project("{FAE04EC0-301F-11D3-BF4B-00C04F79EFBC}") = "experiments.droid", "experiments.droid\experiments.droid.csproj", "{A19FB72C-0091-4D4D-8605-5D2C5DFDB0BF}"
EndProject
Project("{FAE04EC0-301F-11D3-BF4B-00C04F79EFBC}") = "experiments.ios", "experiments.ios\experiments.ios.csproj", "{D9AB03F1-AA59-4590-A91A-FCC3DE0D0707}"
EndProject
Project("{2150E333-8FDC-42A3-9474-1A3956D46DE8}") = "Samples", "Samples", "{2727D58F-777A-4B5C-A97B-5AB4044D9AE8}"
EndProject
Project("{2150E333-8FDC-42A3-9474-1A3956D46DE8}") = "XStore", "XStore", "{30FB5159-A457-43DC-A7F2-2ECDAAD5C56F}"
EndProject
Project("{FAE04EC0-301F-11D3-BF4B-00C04F79EFBC}") = "XamarinStore.Droid", "XamarinStore.Droid\XamarinStore.Droid.csproj", "{E96837AE-F19A-4467-AE2D-2C4FDCD8A0F3}"
EndProject
Project("{FAE04EC0-301F-11D3-BF4B-00C04F79EFBC}") = "XamarinStore.iOS", "XamarinStore.iOS\XamarinStore.iOS.csproj", "{FC7E7851-4A32-4B43-A9E6-F68AC1EF613E}"
EndProject
Project("{D954291E-2A0B-460D-934E-DC6B0785DB48}") = "XamStoreShared", "XamStoreShared\XamStoreShared.shproj", "{C2EB6BD6-2E82-4F7A-8A0A-19AAB9F6AC4E}"
EndProject
Global
	GlobalSection(SolutionConfigurationPlatforms) = preSolution
		Debug|x86 = Debug|x86
		Release|x86 = Release|x86
		Debug|iPhoneSimulator = Debug|iPhoneSimulator
		Release|iPhoneSimulator = Release|iPhoneSimulator
		Debug|iPhone = Debug|iPhone
		Release|iPhone = Release|iPhone
		Ad-Hoc|iPhone = Ad-Hoc|iPhone
		AppStore|iPhone = AppStore|iPhone
		AppStore|iPhoneSimulator = AppStore|iPhoneSimulator
	EndGlobalSection
	GlobalSection(ProjectConfigurationPlatforms) = postSolution
		{28A6C86F-207B-4F4B-912D-DD0F8C0719EA}.Ad-Hoc|iPhone.ActiveCfg = Ad-Hoc|iPhone
		{28A6C86F-207B-4F4B-912D-DD0F8C0719EA}.Ad-Hoc|iPhone.Build.0 = Ad-Hoc|iPhone
		{28A6C86F-207B-4F4B-912D-DD0F8C0719EA}.AppStore|iPhone.ActiveCfg = AppStore|iPhone
		{28A6C86F-207B-4F4B-912D-DD0F8C0719EA}.AppStore|iPhone.Build.0 = AppStore|iPhone
		{28A6C86F-207B-4F4B-912D-DD0F8C0719EA}.AppStore|iPhoneSimulator.ActiveCfg = Debug|iPhoneSimulator
		{28A6C86F-207B-4F4B-912D-DD0F8C0719EA}.AppStore|iPhoneSimulator.Build.0 = Debug|iPhoneSimulator
		{28A6C86F-207B-4F4B-912D-DD0F8C0719EA}.Debug|iPhone.ActiveCfg = Debug|iPhone
		{28A6C86F-207B-4F4B-912D-DD0F8C0719EA}.Debug|iPhone.Build.0 = Debug|iPhone
		{28A6C86F-207B-4F4B-912D-DD0F8C0719EA}.Debug|iPhoneSimulator.ActiveCfg = Debug|iPhoneSimulator
		{28A6C86F-207B-4F4B-912D-DD0F8C0719EA}.Debug|iPhoneSimulator.Build.0 = Debug|iPhoneSimulator
		{28A6C86F-207B-4F4B-912D-DD0F8C0719EA}.Debug|x86.ActiveCfg = Debug|iPhoneSimulator
		{28A6C86F-207B-4F4B-912D-DD0F8C0719EA}.Debug|x86.Build.0 = Debug|iPhoneSimulator
		{28A6C86F-207B-4F4B-912D-DD0F8C0719EA}.Release|iPhone.ActiveCfg = Release|iPhone
		{28A6C86F-207B-4F4B-912D-DD0F8C0719EA}.Release|iPhone.Build.0 = Release|iPhone
		{28A6C86F-207B-4F4B-912D-DD0F8C0719EA}.Release|iPhoneSimulator.ActiveCfg = Release|iPhoneSimulator
		{28A6C86F-207B-4F4B-912D-DD0F8C0719EA}.Release|iPhoneSimulator.Build.0 = Release|iPhoneSimulator
		{28A6C86F-207B-4F4B-912D-DD0F8C0719EA}.Release|x86.ActiveCfg = Release|iPhoneSimulator
		{28A6C86F-207B-4F4B-912D-DD0F8C0719EA}.Release|x86.Build.0 = Release|iPhoneSimulator
		{35255BD3-7E03-4B61-AECB-953D98695DEB}.Ad-Hoc|iPhone.ActiveCfg = Release|Any CPU
		{35255BD3-7E03-4B61-AECB-953D98695DEB}.Ad-Hoc|iPhone.Build.0 = Release|Any CPU
		{35255BD3-7E03-4B61-AECB-953D98695DEB}.AppStore|iPhone.ActiveCfg = Release|Any CPU
		{35255BD3-7E03-4B61-AECB-953D98695DEB}.AppStore|iPhone.Build.0 = Release|Any CPU
		{35255BD3-7E03-4B61-AECB-953D98695DEB}.AppStore|iPhoneSimulator.ActiveCfg = Debug|Any CPU
		{35255BD3-7E03-4B61-AECB-953D98695DEB}.AppStore|iPhoneSimulator.Build.0 = Debug|Any CPU
		{35255BD3-7E03-4B61-AECB-953D98695DEB}.Debug|iPhone.ActiveCfg = Debug|Any CPU
		{35255BD3-7E03-4B61-AECB-953D98695DEB}.Debug|iPhone.Build.0 = Debug|Any CPU
		{35255BD3-7E03-4B61-AECB-953D98695DEB}.Debug|iPhoneSimulator.ActiveCfg = Debug|Any CPU
		{35255BD3-7E03-4B61-AECB-953D98695DEB}.Debug|iPhoneSimulator.Build.0 = Debug|Any CPU
		{35255BD3-7E03-4B61-AECB-953D98695DEB}.Debug|x86.ActiveCfg = Debug|Any CPU
		{35255BD3-7E03-4B61-AECB-953D98695DEB}.Debug|x86.Build.0 = Debug|Any CPU
		{35255BD3-7E03-4B61-AECB-953D98695DEB}.Release|iPhone.ActiveCfg = Release|Any CPU
		{35255BD3-7E03-4B61-AECB-953D98695DEB}.Release|iPhone.Build.0 = Release|Any CPU
		{35255BD3-7E03-4B61-AECB-953D98695DEB}.Release|iPhoneSimulator.ActiveCfg = Release|Any CPU
		{35255BD3-7E03-4B61-AECB-953D98695DEB}.Release|iPhoneSimulator.Build.0 = Release|Any CPU
		{35255BD3-7E03-4B61-AECB-953D98695DEB}.Release|x86.ActiveCfg = Release|Any CPU
		{35255BD3-7E03-4B61-AECB-953D98695DEB}.Release|x86.Build.0 = Release|Any CPU
		{56C520E3-BB89-439D-8C42-33EADC0AF5E6}.Ad-Hoc|iPhone.ActiveCfg = Release|Any CPU
		{56C520E3-BB89-439D-8C42-33EADC0AF5E6}.Ad-Hoc|iPhone.Build.0 = Release|Any CPU
		{56C520E3-BB89-439D-8C42-33EADC0AF5E6}.AppStore|iPhone.ActiveCfg = Release|Any CPU
		{56C520E3-BB89-439D-8C42-33EADC0AF5E6}.AppStore|iPhone.Build.0 = Release|Any CPU
		{56C520E3-BB89-439D-8C42-33EADC0AF5E6}.AppStore|iPhoneSimulator.ActiveCfg = Debug|Any CPU
		{56C520E3-BB89-439D-8C42-33EADC0AF5E6}.AppStore|iPhoneSimulator.Build.0 = Debug|Any CPU
		{56C520E3-BB89-439D-8C42-33EADC0AF5E6}.Debug|iPhone.ActiveCfg = Debug|Any CPU
		{56C520E3-BB89-439D-8C42-33EADC0AF5E6}.Debug|iPhone.Build.0 = Debug|Any CPU
		{56C520E3-BB89-439D-8C42-33EADC0AF5E6}.Debug|iPhoneSimulator.ActiveCfg = Debug|Any CPU
		{56C520E3-BB89-439D-8C42-33EADC0AF5E6}.Debug|iPhoneSimulator.Build.0 = Debug|Any CPU
		{56C520E3-BB89-439D-8C42-33EADC0AF5E6}.Debug|x86.ActiveCfg = Debug|Any CPU
		{56C520E3-BB89-439D-8C42-33EADC0AF5E6}.Debug|x86.Build.0 = Debug|Any CPU
		{56C520E3-BB89-439D-8C42-33EADC0AF5E6}.Release|iPhone.ActiveCfg = Release|Any CPU
		{56C520E3-BB89-439D-8C42-33EADC0AF5E6}.Release|iPhone.Build.0 = Release|Any CPU
		{56C520E3-BB89-439D-8C42-33EADC0AF5E6}.Release|iPhoneSimulator.ActiveCfg = Release|Any CPU
		{56C520E3-BB89-439D-8C42-33EADC0AF5E6}.Release|iPhoneSimulator.Build.0 = Release|Any CPU
		{56C520E3-BB89-439D-8C42-33EADC0AF5E6}.Release|x86.ActiveCfg = Release|Any CPU
		{56C520E3-BB89-439D-8C42-33EADC0AF5E6}.Release|x86.Build.0 = Release|Any CPU
		{5AFA8462-CD90-42F2-BFA2-506D49BD1F20}.Ad-Hoc|iPhone.ActiveCfg = Debug|Any CPU
		{5AFA8462-CD90-42F2-BFA2-506D49BD1F20}.Ad-Hoc|iPhone.Build.0 = Debug|Any CPU
		{5AFA8462-CD90-42F2-BFA2-506D49BD1F20}.AppStore|iPhone.ActiveCfg = Debug|Any CPU
		{5AFA8462-CD90-42F2-BFA2-506D49BD1F20}.AppStore|iPhone.Build.0 = Debug|Any CPU
		{5AFA8462-CD90-42F2-BFA2-506D49BD1F20}.AppStore|iPhoneSimulator.ActiveCfg = Debug|Any CPU
		{5AFA8462-CD90-42F2-BFA2-506D49BD1F20}.AppStore|iPhoneSimulator.Build.0 = Debug|Any CPU
		{5AFA8462-CD90-42F2-BFA2-506D49BD1F20}.Debug|iPhone.ActiveCfg = Debug|Any CPU
		{5AFA8462-CD90-42F2-BFA2-506D49BD1F20}.Debug|iPhone.Build.0 = Debug|Any CPU
		{5AFA8462-CD90-42F2-BFA2-506D49BD1F20}.Debug|iPhoneSimulator.ActiveCfg = Debug|Any CPU
		{5AFA8462-CD90-42F2-BFA2-506D49BD1F20}.Debug|iPhoneSimulator.Build.0 = Debug|Any CPU
		{5AFA8462-CD90-42F2-BFA2-506D49BD1F20}.Debug|x86.ActiveCfg = Debug|Any CPU
		{5AFA8462-CD90-42F2-BFA2-506D49BD1F20}.Debug|x86.Build.0 = Debug|Any CPU
		{5AFA8462-CD90-42F2-BFA2-506D49BD1F20}.Release|iPhone.ActiveCfg = Release|Any CPU
		{5AFA8462-CD90-42F2-BFA2-506D49BD1F20}.Release|iPhone.Build.0 = Release|Any CPU
		{5AFA8462-CD90-42F2-BFA2-506D49BD1F20}.Release|iPhoneSimulator.ActiveCfg = Release|Any CPU
		{5AFA8462-CD90-42F2-BFA2-506D49BD1F20}.Release|iPhoneSimulator.Build.0 = Release|Any CPU
		{5AFA8462-CD90-42F2-BFA2-506D49BD1F20}.Release|x86.ActiveCfg = Release|Any CPU
		{5AFA8462-CD90-42F2-BFA2-506D49BD1F20}.Release|x86.Build.0 = Release|Any CPU
		{8D459AA9-125E-4108-8E7D-24C6E47E9B6A}.Ad-Hoc|iPhone.ActiveCfg = Release|Any CPU
		{8D459AA9-125E-4108-8E7D-24C6E47E9B6A}.Ad-Hoc|iPhone.Build.0 = Release|Any CPU
		{8D459AA9-125E-4108-8E7D-24C6E47E9B6A}.AppStore|iPhone.ActiveCfg = Release|Any CPU
		{8D459AA9-125E-4108-8E7D-24C6E47E9B6A}.AppStore|iPhone.Build.0 = Release|Any CPU
		{8D459AA9-125E-4108-8E7D-24C6E47E9B6A}.AppStore|iPhoneSimulator.ActiveCfg = Debug|Any CPU
		{8D459AA9-125E-4108-8E7D-24C6E47E9B6A}.AppStore|iPhoneSimulator.Build.0 = Debug|Any CPU
		{8D459AA9-125E-4108-8E7D-24C6E47E9B6A}.Debug|iPhone.ActiveCfg = Debug|Any CPU
		{8D459AA9-125E-4108-8E7D-24C6E47E9B6A}.Debug|iPhone.Build.0 = Debug|Any CPU
		{8D459AA9-125E-4108-8E7D-24C6E47E9B6A}.Debug|iPhoneSimulator.ActiveCfg = Debug|Any CPU
		{8D459AA9-125E-4108-8E7D-24C6E47E9B6A}.Debug|iPhoneSimulator.Build.0 = Debug|Any CPU
		{8D459AA9-125E-4108-8E7D-24C6E47E9B6A}.Debug|x86.ActiveCfg = Debug|Any CPU
		{8D459AA9-125E-4108-8E7D-24C6E47E9B6A}.Debug|x86.Build.0 = Debug|Any CPU
		{8D459AA9-125E-4108-8E7D-24C6E47E9B6A}.Release|iPhone.ActiveCfg = Release|Any CPU
		{8D459AA9-125E-4108-8E7D-24C6E47E9B6A}.Release|iPhone.Build.0 = Release|Any CPU
		{8D459AA9-125E-4108-8E7D-24C6E47E9B6A}.Release|iPhoneSimulator.ActiveCfg = Release|Any CPU
		{8D459AA9-125E-4108-8E7D-24C6E47E9B6A}.Release|iPhoneSimulator.Build.0 = Release|Any CPU
		{8D459AA9-125E-4108-8E7D-24C6E47E9B6A}.Release|x86.ActiveCfg = Release|Any CPU
		{8D459AA9-125E-4108-8E7D-24C6E47E9B6A}.Release|x86.Build.0 = Release|Any CPU
		{A19FB72C-0091-4D4D-8605-5D2C5DFDB0BF}.Ad-Hoc|iPhone.ActiveCfg = Debug|Any CPU
		{A19FB72C-0091-4D4D-8605-5D2C5DFDB0BF}.Ad-Hoc|iPhone.Build.0 = Debug|Any CPU
		{A19FB72C-0091-4D4D-8605-5D2C5DFDB0BF}.AppStore|iPhone.ActiveCfg = Debug|Any CPU
		{A19FB72C-0091-4D4D-8605-5D2C5DFDB0BF}.AppStore|iPhone.Build.0 = Debug|Any CPU
		{A19FB72C-0091-4D4D-8605-5D2C5DFDB0BF}.AppStore|iPhoneSimulator.ActiveCfg = Debug|Any CPU
		{A19FB72C-0091-4D4D-8605-5D2C5DFDB0BF}.AppStore|iPhoneSimulator.Build.0 = Debug|Any CPU
		{A19FB72C-0091-4D4D-8605-5D2C5DFDB0BF}.Debug|iPhone.ActiveCfg = Debug|Any CPU
		{A19FB72C-0091-4D4D-8605-5D2C5DFDB0BF}.Debug|iPhone.Build.0 = Debug|Any CPU
		{A19FB72C-0091-4D4D-8605-5D2C5DFDB0BF}.Debug|iPhoneSimulator.ActiveCfg = Debug|Any CPU
		{A19FB72C-0091-4D4D-8605-5D2C5DFDB0BF}.Debug|iPhoneSimulator.Build.0 = Debug|Any CPU
		{A19FB72C-0091-4D4D-8605-5D2C5DFDB0BF}.Debug|x86.ActiveCfg = Debug|Any CPU
		{A19FB72C-0091-4D4D-8605-5D2C5DFDB0BF}.Debug|x86.Build.0 = Debug|Any CPU
		{A19FB72C-0091-4D4D-8605-5D2C5DFDB0BF}.Release|iPhone.ActiveCfg = Release|Any CPU
		{A19FB72C-0091-4D4D-8605-5D2C5DFDB0BF}.Release|iPhone.Build.0 = Release|Any CPU
		{A19FB72C-0091-4D4D-8605-5D2C5DFDB0BF}.Release|iPhoneSimulator.ActiveCfg = Release|Any CPU
		{A19FB72C-0091-4D4D-8605-5D2C5DFDB0BF}.Release|iPhoneSimulator.Build.0 = Release|Any CPU
		{A19FB72C-0091-4D4D-8605-5D2C5DFDB0BF}.Release|x86.ActiveCfg = Release|Any CPU
		{A19FB72C-0091-4D4D-8605-5D2C5DFDB0BF}.Release|x86.Build.0 = Release|Any CPU
		{AE879C71-58B2-424A-897C-19913B22D032}.Ad-Hoc|iPhone.ActiveCfg = Release|Any CPU
		{AE879C71-58B2-424A-897C-19913B22D032}.Ad-Hoc|iPhone.Build.0 = Release|Any CPU
		{AE879C71-58B2-424A-897C-19913B22D032}.AppStore|iPhone.ActiveCfg = Release|Any CPU
		{AE879C71-58B2-424A-897C-19913B22D032}.AppStore|iPhone.Build.0 = Release|Any CPU
		{AE879C71-58B2-424A-897C-19913B22D032}.AppStore|iPhoneSimulator.ActiveCfg = Debug|Any CPU
		{AE879C71-58B2-424A-897C-19913B22D032}.AppStore|iPhoneSimulator.Build.0 = Debug|Any CPU
		{AE879C71-58B2-424A-897C-19913B22D032}.Debug|iPhone.ActiveCfg = Debug|Any CPU
		{AE879C71-58B2-424A-897C-19913B22D032}.Debug|iPhone.Build.0 = Debug|Any CPU
		{AE879C71-58B2-424A-897C-19913B22D032}.Debug|iPhoneSimulator.ActiveCfg = Debug|Any CPU
		{AE879C71-58B2-424A-897C-19913B22D032}.Debug|iPhoneSimulator.Build.0 = Debug|Any CPU
		{AE879C71-58B2-424A-897C-19913B22D032}.Debug|x86.ActiveCfg = Debug|Any CPU
		{AE879C71-58B2-424A-897C-19913B22D032}.Debug|x86.Build.0 = Debug|Any CPU
		{AE879C71-58B2-424A-897C-19913B22D032}.Release|iPhone.ActiveCfg = Release|Any CPU
		{AE879C71-58B2-424A-897C-19913B22D032}.Release|iPhone.Build.0 = Release|Any CPU
		{AE879C71-58B2-424A-897C-19913B22D032}.Release|iPhoneSimulator.ActiveCfg = Release|Any CPU
		{AE879C71-58B2-424A-897C-19913B22D032}.Release|iPhoneSimulator.Build.0 = Release|Any CPU
		{AE879C71-58B2-424A-897C-19913B22D032}.Release|x86.ActiveCfg = Release|Any CPU
		{AE879C71-58B2-424A-897C-19913B22D032}.Release|x86.Build.0 = Release|Any CPU
		{D9AB03F1-AA59-4590-A91A-FCC3DE0D0707}.Ad-Hoc|iPhone.ActiveCfg = Ad-Hoc|iPhone
		{D9AB03F1-AA59-4590-A91A-FCC3DE0D0707}.Ad-Hoc|iPhone.Build.0 = Ad-Hoc|iPhone
		{D9AB03F1-AA59-4590-A91A-FCC3DE0D0707}.AppStore|iPhone.ActiveCfg = AppStore|iPhone
		{D9AB03F1-AA59-4590-A91A-FCC3DE0D0707}.AppStore|iPhone.Build.0 = AppStore|iPhone
		{D9AB03F1-AA59-4590-A91A-FCC3DE0D0707}.AppStore|iPhoneSimulator.ActiveCfg = Debug|iPhoneSimulator
		{D9AB03F1-AA59-4590-A91A-FCC3DE0D0707}.AppStore|iPhoneSimulator.Build.0 = Debug|iPhoneSimulator
		{D9AB03F1-AA59-4590-A91A-FCC3DE0D0707}.Debug|iPhone.ActiveCfg = Debug|iPhone
		{D9AB03F1-AA59-4590-A91A-FCC3DE0D0707}.Debug|iPhone.Build.0 = Debug|iPhone
		{D9AB03F1-AA59-4590-A91A-FCC3DE0D0707}.Debug|iPhoneSimulator.ActiveCfg = Debug|iPhoneSimulator
		{D9AB03F1-AA59-4590-A91A-FCC3DE0D0707}.Debug|iPhoneSimulator.Build.0 = Debug|iPhoneSimulator
		{D9AB03F1-AA59-4590-A91A-FCC3DE0D0707}.Debug|x86.ActiveCfg = Debug|iPhoneSimulator
		{D9AB03F1-AA59-4590-A91A-FCC3DE0D0707}.Debug|x86.Build.0 = Debug|iPhoneSimulator
		{D9AB03F1-AA59-4590-A91A-FCC3DE0D0707}.Release|iPhone.ActiveCfg = Release|iPhone
		{D9AB03F1-AA59-4590-A91A-FCC3DE0D0707}.Release|iPhone.Build.0 = Release|iPhone
		{D9AB03F1-AA59-4590-A91A-FCC3DE0D0707}.Release|iPhoneSimulator.ActiveCfg = Release|iPhoneSimulator
		{D9AB03F1-AA59-4590-A91A-FCC3DE0D0707}.Release|iPhoneSimulator.Build.0 = Release|iPhoneSimulator
		{D9AB03F1-AA59-4590-A91A-FCC3DE0D0707}.Release|x86.ActiveCfg = Release|iPhoneSimulator
		{D9AB03F1-AA59-4590-A91A-FCC3DE0D0707}.Release|x86.Build.0 = Release|iPhoneSimulator
		{E96837AE-F19A-4467-AE2D-2C4FDCD8A0F3}.Ad-Hoc|iPhone.ActiveCfg = Debug|Any CPU
		{E96837AE-F19A-4467-AE2D-2C4FDCD8A0F3}.Ad-Hoc|iPhone.Build.0 = Debug|Any CPU
		{E96837AE-F19A-4467-AE2D-2C4FDCD8A0F3}.AppStore|iPhone.ActiveCfg = Debug|Any CPU
		{E96837AE-F19A-4467-AE2D-2C4FDCD8A0F3}.AppStore|iPhone.Build.0 = Debug|Any CPU
		{E96837AE-F19A-4467-AE2D-2C4FDCD8A0F3}.AppStore|iPhoneSimulator.ActiveCfg = Debug|Any CPU
		{E96837AE-F19A-4467-AE2D-2C4FDCD8A0F3}.AppStore|iPhoneSimulator.Build.0 = Debug|Any CPU
		{E96837AE-F19A-4467-AE2D-2C4FDCD8A0F3}.Debug|iPhone.ActiveCfg = Debug|Any CPU
		{E96837AE-F19A-4467-AE2D-2C4FDCD8A0F3}.Debug|iPhone.Build.0 = Debug|Any CPU
		{E96837AE-F19A-4467-AE2D-2C4FDCD8A0F3}.Debug|iPhoneSimulator.ActiveCfg = Debug|Any CPU
		{E96837AE-F19A-4467-AE2D-2C4FDCD8A0F3}.Debug|iPhoneSimulator.Build.0 = Debug|Any CPU
		{E96837AE-F19A-4467-AE2D-2C4FDCD8A0F3}.Debug|x86.ActiveCfg = Debug|Any CPU
		{E96837AE-F19A-4467-AE2D-2C4FDCD8A0F3}.Debug|x86.Build.0 = Debug|Any CPU
		{E96837AE-F19A-4467-AE2D-2C4FDCD8A0F3}.Release|iPhone.ActiveCfg = Release|Any CPU
		{E96837AE-F19A-4467-AE2D-2C4FDCD8A0F3}.Release|iPhone.Build.0 = Release|Any CPU
		{E96837AE-F19A-4467-AE2D-2C4FDCD8A0F3}.Release|iPhoneSimulator.ActiveCfg = Release|Any CPU
		{E96837AE-F19A-4467-AE2D-2C4FDCD8A0F3}.Release|iPhoneSimulator.Build.0 = Release|Any CPU
		{E96837AE-F19A-4467-AE2D-2C4FDCD8A0F3}.Release|x86.ActiveCfg = Release|Any CPU
		{E96837AE-F19A-4467-AE2D-2C4FDCD8A0F3}.Release|x86.Build.0 = Release|Any CPU
		{FC7E7851-4A32-4B43-A9E6-F68AC1EF613E}.Ad-Hoc|iPhone.ActiveCfg = Ad-Hoc|iPhone
		{FC7E7851-4A32-4B43-A9E6-F68AC1EF613E}.Ad-Hoc|iPhone.Build.0 = Ad-Hoc|iPhone
		{FC7E7851-4A32-4B43-A9E6-F68AC1EF613E}.AppStore|iPhone.ActiveCfg = AppStore|iPhone
		{FC7E7851-4A32-4B43-A9E6-F68AC1EF613E}.AppStore|iPhone.Build.0 = AppStore|iPhone
		{FC7E7851-4A32-4B43-A9E6-F68AC1EF613E}.AppStore|iPhoneSimulator.ActiveCfg = AppStore|iPhoneSimulator
		{FC7E7851-4A32-4B43-A9E6-F68AC1EF613E}.AppStore|iPhoneSimulator.Build.0 = AppStore|iPhoneSimulator
		{FC7E7851-4A32-4B43-A9E6-F68AC1EF613E}.Debug|iPhone.ActiveCfg = Debug|iPhone
		{FC7E7851-4A32-4B43-A9E6-F68AC1EF613E}.Debug|iPhone.Build.0 = Debug|iPhone
		{FC7E7851-4A32-4B43-A9E6-F68AC1EF613E}.Debug|iPhoneSimulator.ActiveCfg = Debug|iPhoneSimulator
		{FC7E7851-4A32-4B43-A9E6-F68AC1EF613E}.Debug|iPhoneSimulator.Build.0 = Debug|iPhoneSimulator
		{FC7E7851-4A32-4B43-A9E6-F68AC1EF613E}.Debug|x86.ActiveCfg = Debug|iPhoneSimulator
		{FC7E7851-4A32-4B43-A9E6-F68AC1EF613E}.Debug|x86.Build.0 = Debug|iPhoneSimulator
		{FC7E7851-4A32-4B43-A9E6-F68AC1EF613E}.Release|iPhone.ActiveCfg = Release|iPhone
		{FC7E7851-4A32-4B43-A9E6-F68AC1EF613E}.Release|iPhone.Build.0 = Release|iPhone
		{FC7E7851-4A32-4B43-A9E6-F68AC1EF613E}.Release|iPhoneSimulator.ActiveCfg = Release|iPhoneSimulator
		{FC7E7851-4A32-4B43-A9E6-F68AC1EF613E}.Release|iPhoneSimulator.Build.0 = Release|iPhoneSimulator
		{FC7E7851-4A32-4B43-A9E6-F68AC1EF613E}.Release|x86.ActiveCfg = Release|iPhoneSimulator
		{FC7E7851-4A32-4B43-A9E6-F68AC1EF613E}.Release|x86.Build.0 = Release|iPhoneSimulator
	EndGlobalSection
	GlobalSection(NestedProjects) = preSolution
		{92E3AA5D-F7F7-4444-A25A-AF920D057BC3} = {24AFAF16-347F-4630-8F4A-A6E6CE13A4DF}
		{28A6C86F-207B-4F4B-912D-DD0F8C0719EA} = {24AFAF16-347F-4630-8F4A-A6E6CE13A4DF}
		{5AFA8462-CD90-42F2-BFA2-506D49BD1F20} = {24AFAF16-347F-4630-8F4A-A6E6CE13A4DF}
		{1FF19CD3-7345-4FF6-B491-399D946CA45A} = {6B863E6A-2BFF-4332-BF21-57A6A1CD86DD}
		{A921F493-9D35-448D-99F1-CBAC1F4EBE32} = {6B863E6A-2BFF-4332-BF21-57A6A1CD86DD}
		{AE879C71-58B2-424A-897C-19913B22D032} = {6B863E6A-2BFF-4332-BF21-57A6A1CD86DD}
		{35255BD3-7E03-4B61-AECB-953D98695DEB} = {6B863E6A-2BFF-4332-BF21-57A6A1CD86DD}
		{56C520E3-BB89-439D-8C42-33EADC0AF5E6} = {1FF19CD3-7345-4FF6-B491-399D946CA45A}
		{8D459AA9-125E-4108-8E7D-24C6E47E9B6A} = {1FF19CD3-7345-4FF6-B491-399D946CA45A}
		{A19FB72C-0091-4D4D-8605-5D2C5DFDB0BF} = {8CAA90CB-5F01-4CFB-B1B6-C02247200D1A}
		{D9AB03F1-AA59-4590-A91A-FCC3DE0D0707} = {8CAA90CB-5F01-4CFB-B1B6-C02247200D1A}
		{30FB5159-A457-43DC-A7F2-2ECDAAD5C56F} = {2727D58F-777A-4B5C-A97B-5AB4044D9AE8}
		{E96837AE-F19A-4467-AE2D-2C4FDCD8A0F3} = {30FB5159-A457-43DC-A7F2-2ECDAAD5C56F}
		{FC7E7851-4A32-4B43-A9E6-F68AC1EF613E} = {30FB5159-A457-43DC-A7F2-2ECDAAD5C56F}
		{C2EB6BD6-2E82-4F7A-8A0A-19AAB9F6AC4E} = {30FB5159-A457-43DC-A7F2-2ECDAAD5C56F}
	EndGlobalSection
	GlobalSection(MonoDevelopProperties) = preSolution
		Policies = $0
		$0.VersionControlPolicy = $1
		$1.CommitMessageStyle = $2
		$2.LastFilePostfix = "@:\n  "
		$2.InterMessageLines = 0
		$1.inheritsSet = Mono
	EndGlobalSection
EndGlobal
