
Microsoft Visual Studio Solution File, Format Version 11.00
# Visual Studio 2010
Project("{2150E333-8FDC-42A3-9474-1A3956D46DE8}") = "Android", "Android", "{DB98961A-6545-4AEB-8CCE-EE0B54B8572E}"
EndProject
Project("{FAE04EC0-301F-11D3-BF4B-00C04F79EFBC}") = "App.Android", "App.Android\App.Android.csproj", "{CDE4FB50-6F13-4ADF-8B9C-6D59CF3E2001}"
EndProject
Project("{FAE04EC0-301F-11D3-BF4B-00C04F79EFBC}") = "walkr.android", "walkr.android\walkr.android.csproj", "{F0088905-185C-4E66-BBE0-E07611DDA541}"
EndProject
Project("{2150E333-8FDC-42A3-9474-1A3956D46DE8}") = "iOS", "iOS", "{4283452C-295D-4F0B-B67B-203E2F86C793}"
EndProject
Project("{FAE04EC0-301F-11D3-BF4B-00C04F79EFBC}") = "App.iOS", "App.iOS\App.iOS.csproj", "{E64FD81B-35F7-483A-8EED-E726621BFDD4}"
EndProject
Project("{FAE04EC0-301F-11D3-BF4B-00C04F79EFBC}") = "walkrPractice", "walkrPractice\walkrPractice.csproj", "{9469397C-3B52-463E-884C-41987ADA2CB6}"
EndProject
Project("{D954291E-2A0B-460D-934E-DC6B0785DB48}") = "App.Common", "App.Common\App.Common.shproj", "{92E3AA5D-F7F7-4444-A25A-AF920D057BC3}"
EndProject
Global
	GlobalSection(SolutionConfigurationPlatforms) = preSolution
		Debug|x86 = Debug|x86
		Release|x86 = Release|x86
		Debug|iPhoneSimulator = Debug|iPhoneSimulator
		Release|iPhoneSimulator = Release|iPhoneSimulator
		Debug|iPhone = Debug|iPhone
		Release|iPhone = Release|iPhone
		Ad-Hoc|iPhone = Ad-Hoc|iPhone
		AppStore|iPhone = AppStore|iPhone
	EndGlobalSection
	GlobalSection(ProjectConfigurationPlatforms) = postSolution
		{9469397C-3B52-463E-884C-41987ADA2CB6}.Ad-Hoc|iPhone.ActiveCfg = Ad-Hoc|iPhone
		{9469397C-3B52-463E-884C-41987ADA2CB6}.Ad-Hoc|iPhone.Build.0 = Ad-Hoc|iPhone
		{9469397C-3B52-463E-884C-41987ADA2CB6}.AppStore|iPhone.ActiveCfg = AppStore|iPhone
		{9469397C-3B52-463E-884C-41987ADA2CB6}.AppStore|iPhone.Build.0 = AppStore|iPhone
		{9469397C-3B52-463E-884C-41987ADA2CB6}.Debug|iPhone.ActiveCfg = Debug|iPhone
		{9469397C-3B52-463E-884C-41987ADA2CB6}.Debug|iPhone.Build.0 = Debug|iPhone
		{9469397C-3B52-463E-884C-41987ADA2CB6}.Debug|iPhoneSimulator.ActiveCfg = Debug|iPhoneSimulator
		{9469397C-3B52-463E-884C-41987ADA2CB6}.Debug|iPhoneSimulator.Build.0 = Debug|iPhoneSimulator
		{9469397C-3B52-463E-884C-41987ADA2CB6}.Debug|x86.ActiveCfg = Debug|iPhoneSimulator
		{9469397C-3B52-463E-884C-41987ADA2CB6}.Debug|x86.Build.0 = Debug|iPhoneSimulator
		{9469397C-3B52-463E-884C-41987ADA2CB6}.Release|iPhone.ActiveCfg = Release|iPhone
		{9469397C-3B52-463E-884C-41987ADA2CB6}.Release|iPhone.Build.0 = Release|iPhone
		{9469397C-3B52-463E-884C-41987ADA2CB6}.Release|iPhoneSimulator.ActiveCfg = Release|iPhoneSimulator
		{9469397C-3B52-463E-884C-41987ADA2CB6}.Release|iPhoneSimulator.Build.0 = Release|iPhoneSimulator
		{9469397C-3B52-463E-884C-41987ADA2CB6}.Release|x86.ActiveCfg = Release|iPhoneSimulator
		{9469397C-3B52-463E-884C-41987ADA2CB6}.Release|x86.Build.0 = Release|iPhoneSimulator
		{CDE4FB50-6F13-4ADF-8B9C-6D59CF3E2001}.Ad-Hoc|iPhone.ActiveCfg = Debug|Any CPU
		{CDE4FB50-6F13-4ADF-8B9C-6D59CF3E2001}.Ad-Hoc|iPhone.Build.0 = Debug|Any CPU
		{CDE4FB50-6F13-4ADF-8B9C-6D59CF3E2001}.AppStore|iPhone.ActiveCfg = Debug|Any CPU
		{CDE4FB50-6F13-4ADF-8B9C-6D59CF3E2001}.AppStore|iPhone.Build.0 = Debug|Any CPU
		{CDE4FB50-6F13-4ADF-8B9C-6D59CF3E2001}.Debug|iPhone.ActiveCfg = Debug|Any CPU
		{CDE4FB50-6F13-4ADF-8B9C-6D59CF3E2001}.Debug|iPhone.Build.0 = Debug|Any CPU
		{CDE4FB50-6F13-4ADF-8B9C-6D59CF3E2001}.Debug|iPhoneSimulator.ActiveCfg = Debug|Any CPU
		{CDE4FB50-6F13-4ADF-8B9C-6D59CF3E2001}.Debug|iPhoneSimulator.Build.0 = Debug|Any CPU
		{CDE4FB50-6F13-4ADF-8B9C-6D59CF3E2001}.Debug|x86.ActiveCfg = Debug|Any CPU
		{CDE4FB50-6F13-4ADF-8B9C-6D59CF3E2001}.Debug|x86.Build.0 = Debug|Any CPU
		{CDE4FB50-6F13-4ADF-8B9C-6D59CF3E2001}.Release|iPhone.ActiveCfg = Release|Any CPU
		{CDE4FB50-6F13-4ADF-8B9C-6D59CF3E2001}.Release|iPhone.Build.0 = Release|Any CPU
		{CDE4FB50-6F13-4ADF-8B9C-6D59CF3E2001}.Release|iPhoneSimulator.ActiveCfg = Release|Any CPU
		{CDE4FB50-6F13-4ADF-8B9C-6D59CF3E2001}.Release|iPhoneSimulator.Build.0 = Release|Any CPU
		{CDE4FB50-6F13-4ADF-8B9C-6D59CF3E2001}.Release|x86.ActiveCfg = Release|Any CPU
		{CDE4FB50-6F13-4ADF-8B9C-6D59CF3E2001}.Release|x86.Build.0 = Release|Any CPU
		{E64FD81B-35F7-483A-8EED-E726621BFDD4}.Ad-Hoc|iPhone.ActiveCfg = Ad-Hoc|iPhone
		{E64FD81B-35F7-483A-8EED-E726621BFDD4}.Ad-Hoc|iPhone.Build.0 = Ad-Hoc|iPhone
		{E64FD81B-35F7-483A-8EED-E726621BFDD4}.AppStore|iPhone.ActiveCfg = AppStore|iPhone
		{E64FD81B-35F7-483A-8EED-E726621BFDD4}.AppStore|iPhone.Build.0 = AppStore|iPhone
		{E64FD81B-35F7-483A-8EED-E726621BFDD4}.Debug|iPhone.ActiveCfg = Debug|iPhone
		{E64FD81B-35F7-483A-8EED-E726621BFDD4}.Debug|iPhone.Build.0 = Debug|iPhone
		{E64FD81B-35F7-483A-8EED-E726621BFDD4}.Debug|iPhoneSimulator.ActiveCfg = Debug|iPhoneSimulator
		{E64FD81B-35F7-483A-8EED-E726621BFDD4}.Debug|iPhoneSimulator.Build.0 = Debug|iPhoneSimulator
		{E64FD81B-35F7-483A-8EED-E726621BFDD4}.Debug|x86.ActiveCfg = Debug|iPhoneSimulator
		{E64FD81B-35F7-483A-8EED-E726621BFDD4}.Debug|x86.Build.0 = Debug|iPhoneSimulator
		{E64FD81B-35F7-483A-8EED-E726621BFDD4}.Release|iPhone.ActiveCfg = Release|iPhone
		{E64FD81B-35F7-483A-8EED-E726621BFDD4}.Release|iPhone.Build.0 = Release|iPhone
		{E64FD81B-35F7-483A-8EED-E726621BFDD4}.Release|iPhoneSimulator.ActiveCfg = Release|iPhoneSimulator
		{E64FD81B-35F7-483A-8EED-E726621BFDD4}.Release|iPhoneSimulator.Build.0 = Release|iPhoneSimulator
		{E64FD81B-35F7-483A-8EED-E726621BFDD4}.Release|x86.ActiveCfg = Release|iPhoneSimulator
		{E64FD81B-35F7-483A-8EED-E726621BFDD4}.Release|x86.Build.0 = Release|iPhoneSimulator
		{F0088905-185C-4E66-BBE0-E07611DDA541}.Ad-Hoc|iPhone.ActiveCfg = Debug|Any CPU
		{F0088905-185C-4E66-BBE0-E07611DDA541}.Ad-Hoc|iPhone.Build.0 = Debug|Any CPU
		{F0088905-185C-4E66-BBE0-E07611DDA541}.AppStore|iPhone.ActiveCfg = Debug|Any CPU
		{F0088905-185C-4E66-BBE0-E07611DDA541}.AppStore|iPhone.Build.0 = Debug|Any CPU
		{F0088905-185C-4E66-BBE0-E07611DDA541}.Debug|iPhone.ActiveCfg = Debug|Any CPU
		{F0088905-185C-4E66-BBE0-E07611DDA541}.Debug|iPhone.Build.0 = Debug|Any CPU
		{F0088905-185C-4E66-BBE0-E07611DDA541}.Debug|iPhoneSimulator.ActiveCfg = Debug|Any CPU
		{F0088905-185C-4E66-BBE0-E07611DDA541}.Debug|iPhoneSimulator.Build.0 = Debug|Any CPU
		{F0088905-185C-4E66-BBE0-E07611DDA541}.Debug|x86.ActiveCfg = Debug|Any CPU
		{F0088905-185C-4E66-BBE0-E07611DDA541}.Debug|x86.Build.0 = Debug|Any CPU
		{F0088905-185C-4E66-BBE0-E07611DDA541}.Release|iPhone.ActiveCfg = Release|Any CPU
		{F0088905-185C-4E66-BBE0-E07611DDA541}.Release|iPhone.Build.0 = Release|Any CPU
		{F0088905-185C-4E66-BBE0-E07611DDA541}.Release|iPhoneSimulator.ActiveCfg = Release|Any CPU
		{F0088905-185C-4E66-BBE0-E07611DDA541}.Release|iPhoneSimulator.Build.0 = Release|Any CPU
		{F0088905-185C-4E66-BBE0-E07611DDA541}.Release|x86.ActiveCfg = Release|Any CPU
		{F0088905-185C-4E66-BBE0-E07611DDA541}.Release|x86.Build.0 = Release|Any CPU
	EndGlobalSection
	GlobalSection(NestedProjects) = preSolution
		{CDE4FB50-6F13-4ADF-8B9C-6D59CF3E2001} = {DB98961A-6545-4AEB-8CCE-EE0B54B8572E}
		{F0088905-185C-4E66-BBE0-E07611DDA541} = {DB98961A-6545-4AEB-8CCE-EE0B54B8572E}
		{E64FD81B-35F7-483A-8EED-E726621BFDD4} = {4283452C-295D-4F0B-B67B-203E2F86C793}
		{9469397C-3B52-463E-884C-41987ADA2CB6} = {4283452C-295D-4F0B-B67B-203E2F86C793}
	EndGlobalSection
	GlobalSection(MonoDevelopProperties) = preSolution
		StartupItem = App.iOS\App.iOS.csproj
		Policies = $0
		$0.VersionControlPolicy = $1
		$1.CommitMessageStyle = $2
		$2.FirstFilePrefix = 
		$2.FileSeparator = ", "
		$2.LineAlign = 0
		$1.inheritsSet = Mono
	EndGlobalSection
EndGlobal
